
Microsoft Visual Studio Solution File, Format Version 12.00
# Visual Studio Version 16
VisualStudioVersion = 16.0.29102.190
MinimumVisualStudioVersion = 10.0.40219.1
Project("{FAE04EC0-301F-11D3-BF4B-00C04F79EFBC}") = "Veganko.Android", "Veganko\Veganko.Android\Veganko.Android.csproj", "{490DBBC7-A144-4351-9086-582DFCE5BA00}"
EndProject
Project("{FAE04EC0-301F-11D3-BF4B-00C04F79EFBC}") = "Veganko.iOS", "Veganko\Veganko.iOS\Veganko.iOS.csproj", "{04157AC5-92B8-461B-86DE-006AF2ACD6A5}"
EndProject
Project("{FAE04EC0-301F-11D3-BF4B-00C04F79EFBC}") = "Veganko.UWP", "Veganko\Veganko.UWP\Veganko.UWP.csproj", "{C6F5190E-9B83-44F2-AA8B-2AE3685EF8B3}"
EndProject
Project("{D954291E-2A0B-460D-934E-DC6B0785DB48}") = "Veganko", "Veganko\Veganko\Veganko.shproj", "{5FA59065-C093-4B74-8142-5E3D5E56A30D}"
EndProject
Project("{2150E333-8FDC-42A3-9474-1A3956D46DE8}") = "Tests", "Tests", "{DBEF3FD2-EDEE-424F-8725-85879DD9DCEE}"
EndProject
Project("{2150E333-8FDC-42A3-9474-1A3956D46DE8}") = "Unit", "Unit", "{B3EE3E08-9BEE-4B1C-99F4-DF8CAB3C2006}"
EndProject
Project("{D954291E-2A0B-460D-934E-DC6B0785DB48}") = "UnitTests.Shared", "Tests\Unit\UnitTests.Shared\UnitTests.Shared.shproj", "{6D761D9A-24CD-48EC-BF03-54C9F283896F}"
EndProject
Project("{FAE04EC0-301F-11D3-BF4B-00C04F79EFBC}") = "UnitTests.Android", "Tests\Unit\UnitTests.Android\UnitTests.Android.csproj", "{ED2211D3-1F78-40A2-B412-850DDFEECE73}"
EndProject
Project("{FAE04EC0-301F-11D3-BF4B-00C04F79EFBC}") = "UnitTests.UWP", "Tests\Unit\UnitTests.UWP\UnitTests.UWP.csproj", "{46484F11-6620-4B73-A220-0F9025882B73}"
EndProject
Project("{FAE04EC0-301F-11D3-BF4B-00C04F79EFBC}") = "UnitTests.iOS", "Tests\Unit\UnitTests.iOS\UnitTests.iOS.csproj", "{C231ABEC-8962-427B-90A5-A1A6608EDA9A}"
EndProject
Project("{2150E333-8FDC-42A3-9474-1A3956D46DE8}") = "Services", "Services", "{0AA7F29F-9CDA-4471-88EE-94A4EEFE01F4}"
EndProject
Project("{9A19103F-16F7-4668-BE54-9A1E7A4F7556}") = "VegankoService", "Services\VegankoService\VegankoService.csproj", "{6447697D-3237-473A-ACC1-A3405D3D0752}"
EndProject
Project("{2150E333-8FDC-42A3-9474-1A3956D46DE8}") = "Client", "Client", "{45BB8FC8-AD79-4111-9A7F-3E1A892A1A25}"
EndProject
Project("{FAE04EC0-301F-11D3-BF4B-00C04F79EFBC}") = "IntegrationTests", "Services\IntegrationTests\IntegrationTests.csproj", "{ACECFD01-8F21-4100-931C-55C81AE94991}"
EndProject
Global
	GlobalSection(SharedMSBuildProjectFiles) = preSolution
		Veganko\Veganko\Veganko.projitems*{04157ac5-92b8-461b-86de-006af2acd6a5}*SharedItemsImports = 4
	EndGlobalSection
	GlobalSection(SolutionConfigurationPlatforms) = preSolution
		Ad-Hoc|Any CPU = Ad-Hoc|Any CPU
		Ad-Hoc|ARM = Ad-Hoc|ARM
		Ad-Hoc|iPhone = Ad-Hoc|iPhone
		Ad-Hoc|iPhoneSimulator = Ad-Hoc|iPhoneSimulator
		Ad-Hoc|x64 = Ad-Hoc|x64
		Ad-Hoc|x86 = Ad-Hoc|x86
		AppStore|Any CPU = AppStore|Any CPU
		AppStore|ARM = AppStore|ARM
		AppStore|iPhone = AppStore|iPhone
		AppStore|iPhoneSimulator = AppStore|iPhoneSimulator
		AppStore|x64 = AppStore|x64
		AppStore|x86 = AppStore|x86
		Debug|Any CPU = Debug|Any CPU
		Debug|ARM = Debug|ARM
		Debug|iPhone = Debug|iPhone
		Debug|iPhoneSimulator = Debug|iPhoneSimulator
		Debug|x64 = Debug|x64
		Debug|x86 = Debug|x86
		FieldTest|Any CPU = FieldTest|Any CPU
		FieldTest|ARM = FieldTest|ARM
		FieldTest|iPhone = FieldTest|iPhone
		FieldTest|iPhoneSimulator = FieldTest|iPhoneSimulator
		FieldTest|x64 = FieldTest|x64
		FieldTest|x86 = FieldTest|x86
		Release|Any CPU = Release|Any CPU
		Release|ARM = Release|ARM
		Release|iPhone = Release|iPhone
		Release|iPhoneSimulator = Release|iPhoneSimulator
		Release|x64 = Release|x64
		Release|x86 = Release|x86
	EndGlobalSection
	GlobalSection(ProjectConfigurationPlatforms) = postSolution
		{490DBBC7-A144-4351-9086-582DFCE5BA00}.Ad-Hoc|Any CPU.ActiveCfg = Release|Any CPU
		{490DBBC7-A144-4351-9086-582DFCE5BA00}.Ad-Hoc|Any CPU.Build.0 = Release|Any CPU
		{490DBBC7-A144-4351-9086-582DFCE5BA00}.Ad-Hoc|Any CPU.Deploy.0 = Release|Any CPU
		{490DBBC7-A144-4351-9086-582DFCE5BA00}.Ad-Hoc|ARM.ActiveCfg = Release|Any CPU
		{490DBBC7-A144-4351-9086-582DFCE5BA00}.Ad-Hoc|ARM.Build.0 = Release|Any CPU
		{490DBBC7-A144-4351-9086-582DFCE5BA00}.Ad-Hoc|ARM.Deploy.0 = Release|Any CPU
		{490DBBC7-A144-4351-9086-582DFCE5BA00}.Ad-Hoc|iPhone.ActiveCfg = Release|Any CPU
		{490DBBC7-A144-4351-9086-582DFCE5BA00}.Ad-Hoc|iPhone.Build.0 = Release|Any CPU
		{490DBBC7-A144-4351-9086-582DFCE5BA00}.Ad-Hoc|iPhone.Deploy.0 = Release|Any CPU
		{490DBBC7-A144-4351-9086-582DFCE5BA00}.Ad-Hoc|iPhoneSimulator.ActiveCfg = Release|Any CPU
		{490DBBC7-A144-4351-9086-582DFCE5BA00}.Ad-Hoc|iPhoneSimulator.Build.0 = Release|Any CPU
		{490DBBC7-A144-4351-9086-582DFCE5BA00}.Ad-Hoc|iPhoneSimulator.Deploy.0 = Release|Any CPU
		{490DBBC7-A144-4351-9086-582DFCE5BA00}.Ad-Hoc|x64.ActiveCfg = Release|Any CPU
		{490DBBC7-A144-4351-9086-582DFCE5BA00}.Ad-Hoc|x64.Build.0 = Release|Any CPU
		{490DBBC7-A144-4351-9086-582DFCE5BA00}.Ad-Hoc|x64.Deploy.0 = Release|Any CPU
		{490DBBC7-A144-4351-9086-582DFCE5BA00}.Ad-Hoc|x86.ActiveCfg = Release|Any CPU
		{490DBBC7-A144-4351-9086-582DFCE5BA00}.Ad-Hoc|x86.Build.0 = Release|Any CPU
		{490DBBC7-A144-4351-9086-582DFCE5BA00}.Ad-Hoc|x86.Deploy.0 = Release|Any CPU
		{490DBBC7-A144-4351-9086-582DFCE5BA00}.AppStore|Any CPU.ActiveCfg = Release|Any CPU
		{490DBBC7-A144-4351-9086-582DFCE5BA00}.AppStore|Any CPU.Build.0 = Release|Any CPU
		{490DBBC7-A144-4351-9086-582DFCE5BA00}.AppStore|Any CPU.Deploy.0 = Release|Any CPU
		{490DBBC7-A144-4351-9086-582DFCE5BA00}.AppStore|ARM.ActiveCfg = Release|Any CPU
		{490DBBC7-A144-4351-9086-582DFCE5BA00}.AppStore|ARM.Build.0 = Release|Any CPU
		{490DBBC7-A144-4351-9086-582DFCE5BA00}.AppStore|ARM.Deploy.0 = Release|Any CPU
		{490DBBC7-A144-4351-9086-582DFCE5BA00}.AppStore|iPhone.ActiveCfg = Release|Any CPU
		{490DBBC7-A144-4351-9086-582DFCE5BA00}.AppStore|iPhone.Build.0 = Release|Any CPU
		{490DBBC7-A144-4351-9086-582DFCE5BA00}.AppStore|iPhone.Deploy.0 = Release|Any CPU
		{490DBBC7-A144-4351-9086-582DFCE5BA00}.AppStore|iPhoneSimulator.ActiveCfg = Release|Any CPU
		{490DBBC7-A144-4351-9086-582DFCE5BA00}.AppStore|iPhoneSimulator.Build.0 = Release|Any CPU
		{490DBBC7-A144-4351-9086-582DFCE5BA00}.AppStore|iPhoneSimulator.Deploy.0 = Release|Any CPU
		{490DBBC7-A144-4351-9086-582DFCE5BA00}.AppStore|x64.ActiveCfg = Release|Any CPU
		{490DBBC7-A144-4351-9086-582DFCE5BA00}.AppStore|x64.Build.0 = Release|Any CPU
		{490DBBC7-A144-4351-9086-582DFCE5BA00}.AppStore|x64.Deploy.0 = Release|Any CPU
		{490DBBC7-A144-4351-9086-582DFCE5BA00}.AppStore|x86.ActiveCfg = Release|Any CPU
		{490DBBC7-A144-4351-9086-582DFCE5BA00}.AppStore|x86.Build.0 = Release|Any CPU
		{490DBBC7-A144-4351-9086-582DFCE5BA00}.AppStore|x86.Deploy.0 = Release|Any CPU
		{490DBBC7-A144-4351-9086-582DFCE5BA00}.Debug|Any CPU.ActiveCfg = Debug|Any CPU
		{490DBBC7-A144-4351-9086-582DFCE5BA00}.Debug|Any CPU.Build.0 = Debug|Any CPU
		{490DBBC7-A144-4351-9086-582DFCE5BA00}.Debug|Any CPU.Deploy.0 = Debug|Any CPU
		{490DBBC7-A144-4351-9086-582DFCE5BA00}.Debug|ARM.ActiveCfg = Debug|Any CPU
		{490DBBC7-A144-4351-9086-582DFCE5BA00}.Debug|ARM.Build.0 = Debug|Any CPU
		{490DBBC7-A144-4351-9086-582DFCE5BA00}.Debug|ARM.Deploy.0 = Debug|Any CPU
		{490DBBC7-A144-4351-9086-582DFCE5BA00}.Debug|iPhone.ActiveCfg = Debug|Any CPU
		{490DBBC7-A144-4351-9086-582DFCE5BA00}.Debug|iPhone.Build.0 = Debug|Any CPU
		{490DBBC7-A144-4351-9086-582DFCE5BA00}.Debug|iPhone.Deploy.0 = Debug|Any CPU
		{490DBBC7-A144-4351-9086-582DFCE5BA00}.Debug|iPhoneSimulator.ActiveCfg = Debug|Any CPU
		{490DBBC7-A144-4351-9086-582DFCE5BA00}.Debug|iPhoneSimulator.Build.0 = Debug|Any CPU
		{490DBBC7-A144-4351-9086-582DFCE5BA00}.Debug|iPhoneSimulator.Deploy.0 = Debug|Any CPU
		{490DBBC7-A144-4351-9086-582DFCE5BA00}.Debug|x64.ActiveCfg = Debug|Any CPU
		{490DBBC7-A144-4351-9086-582DFCE5BA00}.Debug|x64.Build.0 = Debug|Any CPU
		{490DBBC7-A144-4351-9086-582DFCE5BA00}.Debug|x64.Deploy.0 = Debug|Any CPU
		{490DBBC7-A144-4351-9086-582DFCE5BA00}.Debug|x86.ActiveCfg = Debug|Any CPU
		{490DBBC7-A144-4351-9086-582DFCE5BA00}.Debug|x86.Build.0 = Debug|Any CPU
		{490DBBC7-A144-4351-9086-582DFCE5BA00}.Debug|x86.Deploy.0 = Debug|Any CPU
		{490DBBC7-A144-4351-9086-582DFCE5BA00}.FieldTest|Any CPU.ActiveCfg = ReleaseWDebugging|Any CPU
		{490DBBC7-A144-4351-9086-582DFCE5BA00}.FieldTest|Any CPU.Build.0 = ReleaseWDebugging|Any CPU
		{490DBBC7-A144-4351-9086-582DFCE5BA00}.FieldTest|Any CPU.Deploy.0 = ReleaseWDebugging|Any CPU
		{490DBBC7-A144-4351-9086-582DFCE5BA00}.FieldTest|ARM.ActiveCfg = ReleaseWDebugging|Any CPU
		{490DBBC7-A144-4351-9086-582DFCE5BA00}.FieldTest|ARM.Build.0 = ReleaseWDebugging|Any CPU
		{490DBBC7-A144-4351-9086-582DFCE5BA00}.FieldTest|ARM.Deploy.0 = ReleaseWDebugging|Any CPU
		{490DBBC7-A144-4351-9086-582DFCE5BA00}.FieldTest|iPhone.ActiveCfg = ReleaseWDebugging|Any CPU
		{490DBBC7-A144-4351-9086-582DFCE5BA00}.FieldTest|iPhone.Build.0 = ReleaseWDebugging|Any CPU
		{490DBBC7-A144-4351-9086-582DFCE5BA00}.FieldTest|iPhone.Deploy.0 = ReleaseWDebugging|Any CPU
		{490DBBC7-A144-4351-9086-582DFCE5BA00}.FieldTest|iPhoneSimulator.ActiveCfg = ReleaseWDebugging|Any CPU
		{490DBBC7-A144-4351-9086-582DFCE5BA00}.FieldTest|iPhoneSimulator.Build.0 = ReleaseWDebugging|Any CPU
		{490DBBC7-A144-4351-9086-582DFCE5BA00}.FieldTest|iPhoneSimulator.Deploy.0 = ReleaseWDebugging|Any CPU
		{490DBBC7-A144-4351-9086-582DFCE5BA00}.FieldTest|x64.ActiveCfg = ReleaseWDebugging|Any CPU
		{490DBBC7-A144-4351-9086-582DFCE5BA00}.FieldTest|x64.Build.0 = ReleaseWDebugging|Any CPU
		{490DBBC7-A144-4351-9086-582DFCE5BA00}.FieldTest|x64.Deploy.0 = ReleaseWDebugging|Any CPU
		{490DBBC7-A144-4351-9086-582DFCE5BA00}.FieldTest|x86.ActiveCfg = ReleaseWDebugging|Any CPU
		{490DBBC7-A144-4351-9086-582DFCE5BA00}.FieldTest|x86.Build.0 = ReleaseWDebugging|Any CPU
		{490DBBC7-A144-4351-9086-582DFCE5BA00}.FieldTest|x86.Deploy.0 = ReleaseWDebugging|Any CPU
		{490DBBC7-A144-4351-9086-582DFCE5BA00}.Release|Any CPU.ActiveCfg = Release|Any CPU
		{490DBBC7-A144-4351-9086-582DFCE5BA00}.Release|Any CPU.Build.0 = Release|Any CPU
		{490DBBC7-A144-4351-9086-582DFCE5BA00}.Release|Any CPU.Deploy.0 = Release|Any CPU
		{490DBBC7-A144-4351-9086-582DFCE5BA00}.Release|ARM.ActiveCfg = Release|Any CPU
		{490DBBC7-A144-4351-9086-582DFCE5BA00}.Release|ARM.Build.0 = Release|Any CPU
		{490DBBC7-A144-4351-9086-582DFCE5BA00}.Release|ARM.Deploy.0 = Release|Any CPU
		{490DBBC7-A144-4351-9086-582DFCE5BA00}.Release|iPhone.ActiveCfg = Release|Any CPU
		{490DBBC7-A144-4351-9086-582DFCE5BA00}.Release|iPhone.Build.0 = Release|Any CPU
		{490DBBC7-A144-4351-9086-582DFCE5BA00}.Release|iPhone.Deploy.0 = Release|Any CPU
		{490DBBC7-A144-4351-9086-582DFCE5BA00}.Release|iPhoneSimulator.ActiveCfg = Release|Any CPU
		{490DBBC7-A144-4351-9086-582DFCE5BA00}.Release|iPhoneSimulator.Build.0 = Release|Any CPU
		{490DBBC7-A144-4351-9086-582DFCE5BA00}.Release|iPhoneSimulator.Deploy.0 = Release|Any CPU
		{490DBBC7-A144-4351-9086-582DFCE5BA00}.Release|x64.ActiveCfg = Release|Any CPU
		{490DBBC7-A144-4351-9086-582DFCE5BA00}.Release|x64.Build.0 = Release|Any CPU
		{490DBBC7-A144-4351-9086-582DFCE5BA00}.Release|x64.Deploy.0 = Release|Any CPU
		{490DBBC7-A144-4351-9086-582DFCE5BA00}.Release|x86.ActiveCfg = Release|Any CPU
		{490DBBC7-A144-4351-9086-582DFCE5BA00}.Release|x86.Build.0 = Release|Any CPU
		{490DBBC7-A144-4351-9086-582DFCE5BA00}.Release|x86.Deploy.0 = Release|Any CPU
		{04157AC5-92B8-461B-86DE-006AF2ACD6A5}.Ad-Hoc|Any CPU.ActiveCfg = Ad-Hoc|iPhone
		{04157AC5-92B8-461B-86DE-006AF2ACD6A5}.Ad-Hoc|ARM.ActiveCfg = Ad-Hoc|iPhone
		{04157AC5-92B8-461B-86DE-006AF2ACD6A5}.Ad-Hoc|iPhone.ActiveCfg = Ad-Hoc|iPhone
		{04157AC5-92B8-461B-86DE-006AF2ACD6A5}.Ad-Hoc|iPhone.Build.0 = Ad-Hoc|iPhone
		{04157AC5-92B8-461B-86DE-006AF2ACD6A5}.Ad-Hoc|iPhoneSimulator.ActiveCfg = Ad-Hoc|iPhoneSimulator
		{04157AC5-92B8-461B-86DE-006AF2ACD6A5}.Ad-Hoc|iPhoneSimulator.Build.0 = Ad-Hoc|iPhoneSimulator
		{04157AC5-92B8-461B-86DE-006AF2ACD6A5}.Ad-Hoc|x64.ActiveCfg = Ad-Hoc|iPhone
		{04157AC5-92B8-461B-86DE-006AF2ACD6A5}.Ad-Hoc|x86.ActiveCfg = Ad-Hoc|iPhone
		{04157AC5-92B8-461B-86DE-006AF2ACD6A5}.AppStore|Any CPU.ActiveCfg = AppStore|iPhone
		{04157AC5-92B8-461B-86DE-006AF2ACD6A5}.AppStore|ARM.ActiveCfg = AppStore|iPhone
		{04157AC5-92B8-461B-86DE-006AF2ACD6A5}.AppStore|iPhone.ActiveCfg = AppStore|iPhone
		{04157AC5-92B8-461B-86DE-006AF2ACD6A5}.AppStore|iPhone.Build.0 = AppStore|iPhone
		{04157AC5-92B8-461B-86DE-006AF2ACD6A5}.AppStore|iPhoneSimulator.ActiveCfg = AppStore|iPhoneSimulator
		{04157AC5-92B8-461B-86DE-006AF2ACD6A5}.AppStore|iPhoneSimulator.Build.0 = AppStore|iPhoneSimulator
		{04157AC5-92B8-461B-86DE-006AF2ACD6A5}.AppStore|x64.ActiveCfg = AppStore|iPhone
		{04157AC5-92B8-461B-86DE-006AF2ACD6A5}.AppStore|x86.ActiveCfg = AppStore|iPhone
		{04157AC5-92B8-461B-86DE-006AF2ACD6A5}.Debug|Any CPU.ActiveCfg = Debug|iPhone
		{04157AC5-92B8-461B-86DE-006AF2ACD6A5}.Debug|ARM.ActiveCfg = Debug|iPhone
		{04157AC5-92B8-461B-86DE-006AF2ACD6A5}.Debug|iPhone.ActiveCfg = Debug|iPhone
		{04157AC5-92B8-461B-86DE-006AF2ACD6A5}.Debug|iPhone.Build.0 = Debug|iPhone
		{04157AC5-92B8-461B-86DE-006AF2ACD6A5}.Debug|iPhoneSimulator.ActiveCfg = Debug|iPhoneSimulator
		{04157AC5-92B8-461B-86DE-006AF2ACD6A5}.Debug|iPhoneSimulator.Build.0 = Debug|iPhoneSimulator
		{04157AC5-92B8-461B-86DE-006AF2ACD6A5}.Debug|x64.ActiveCfg = Debug|iPhone
		{04157AC5-92B8-461B-86DE-006AF2ACD6A5}.Debug|x86.ActiveCfg = Debug|iPhone
		{04157AC5-92B8-461B-86DE-006AF2ACD6A5}.FieldTest|Any CPU.ActiveCfg = Release|iPhoneSimulator
		{04157AC5-92B8-461B-86DE-006AF2ACD6A5}.FieldTest|Any CPU.Build.0 = Release|iPhoneSimulator
		{04157AC5-92B8-461B-86DE-006AF2ACD6A5}.FieldTest|ARM.ActiveCfg = Release|iPhoneSimulator
		{04157AC5-92B8-461B-86DE-006AF2ACD6A5}.FieldTest|ARM.Build.0 = Release|iPhoneSimulator
		{04157AC5-92B8-461B-86DE-006AF2ACD6A5}.FieldTest|iPhone.ActiveCfg = Release|iPhone
		{04157AC5-92B8-461B-86DE-006AF2ACD6A5}.FieldTest|iPhone.Build.0 = Release|iPhone
		{04157AC5-92B8-461B-86DE-006AF2ACD6A5}.FieldTest|iPhoneSimulator.ActiveCfg = Release|iPhoneSimulator
		{04157AC5-92B8-461B-86DE-006AF2ACD6A5}.FieldTest|iPhoneSimulator.Build.0 = Release|iPhoneSimulator
		{04157AC5-92B8-461B-86DE-006AF2ACD6A5}.FieldTest|x64.ActiveCfg = Release|iPhoneSimulator
		{04157AC5-92B8-461B-86DE-006AF2ACD6A5}.FieldTest|x64.Build.0 = Release|iPhoneSimulator
		{04157AC5-92B8-461B-86DE-006AF2ACD6A5}.FieldTest|x86.ActiveCfg = Release|iPhoneSimulator
		{04157AC5-92B8-461B-86DE-006AF2ACD6A5}.FieldTest|x86.Build.0 = Release|iPhoneSimulator
		{04157AC5-92B8-461B-86DE-006AF2ACD6A5}.Release|Any CPU.ActiveCfg = Release|iPhone
		{04157AC5-92B8-461B-86DE-006AF2ACD6A5}.Release|ARM.ActiveCfg = Release|iPhone
		{04157AC5-92B8-461B-86DE-006AF2ACD6A5}.Release|iPhone.ActiveCfg = Release|iPhone
		{04157AC5-92B8-461B-86DE-006AF2ACD6A5}.Release|iPhone.Build.0 = Release|iPhone
		{04157AC5-92B8-461B-86DE-006AF2ACD6A5}.Release|iPhoneSimulator.ActiveCfg = Release|iPhoneSimulator
		{04157AC5-92B8-461B-86DE-006AF2ACD6A5}.Release|iPhoneSimulator.Build.0 = Release|iPhoneSimulator
		{04157AC5-92B8-461B-86DE-006AF2ACD6A5}.Release|x64.ActiveCfg = Release|iPhone
		{04157AC5-92B8-461B-86DE-006AF2ACD6A5}.Release|x86.ActiveCfg = Release|iPhone
		{C6F5190E-9B83-44F2-AA8B-2AE3685EF8B3}.Ad-Hoc|Any CPU.ActiveCfg = Release|x86
		{C6F5190E-9B83-44F2-AA8B-2AE3685EF8B3}.Ad-Hoc|Any CPU.Build.0 = Release|x86
		{C6F5190E-9B83-44F2-AA8B-2AE3685EF8B3}.Ad-Hoc|Any CPU.Deploy.0 = Release|x86
		{C6F5190E-9B83-44F2-AA8B-2AE3685EF8B3}.Ad-Hoc|ARM.ActiveCfg = Release|ARM
		{C6F5190E-9B83-44F2-AA8B-2AE3685EF8B3}.Ad-Hoc|ARM.Build.0 = Release|ARM
		{C6F5190E-9B83-44F2-AA8B-2AE3685EF8B3}.Ad-Hoc|ARM.Deploy.0 = Release|ARM
		{C6F5190E-9B83-44F2-AA8B-2AE3685EF8B3}.Ad-Hoc|iPhone.ActiveCfg = Release|x86
		{C6F5190E-9B83-44F2-AA8B-2AE3685EF8B3}.Ad-Hoc|iPhone.Build.0 = Release|x86
		{C6F5190E-9B83-44F2-AA8B-2AE3685EF8B3}.Ad-Hoc|iPhone.Deploy.0 = Release|x86
		{C6F5190E-9B83-44F2-AA8B-2AE3685EF8B3}.Ad-Hoc|iPhoneSimulator.ActiveCfg = Release|x86
		{C6F5190E-9B83-44F2-AA8B-2AE3685EF8B3}.Ad-Hoc|iPhoneSimulator.Build.0 = Release|x86
		{C6F5190E-9B83-44F2-AA8B-2AE3685EF8B3}.Ad-Hoc|iPhoneSimulator.Deploy.0 = Release|x86
		{C6F5190E-9B83-44F2-AA8B-2AE3685EF8B3}.Ad-Hoc|x64.ActiveCfg = Release|x64
		{C6F5190E-9B83-44F2-AA8B-2AE3685EF8B3}.Ad-Hoc|x64.Build.0 = Release|x64
		{C6F5190E-9B83-44F2-AA8B-2AE3685EF8B3}.Ad-Hoc|x64.Deploy.0 = Release|x64
		{C6F5190E-9B83-44F2-AA8B-2AE3685EF8B3}.Ad-Hoc|x86.ActiveCfg = Release|x86
		{C6F5190E-9B83-44F2-AA8B-2AE3685EF8B3}.Ad-Hoc|x86.Build.0 = Release|x86
		{C6F5190E-9B83-44F2-AA8B-2AE3685EF8B3}.Ad-Hoc|x86.Deploy.0 = Release|x86
		{C6F5190E-9B83-44F2-AA8B-2AE3685EF8B3}.AppStore|Any CPU.ActiveCfg = Release|x86
		{C6F5190E-9B83-44F2-AA8B-2AE3685EF8B3}.AppStore|Any CPU.Build.0 = Release|x86
		{C6F5190E-9B83-44F2-AA8B-2AE3685EF8B3}.AppStore|Any CPU.Deploy.0 = Release|x86
		{C6F5190E-9B83-44F2-AA8B-2AE3685EF8B3}.AppStore|ARM.ActiveCfg = Release|ARM
		{C6F5190E-9B83-44F2-AA8B-2AE3685EF8B3}.AppStore|ARM.Build.0 = Release|ARM
		{C6F5190E-9B83-44F2-AA8B-2AE3685EF8B3}.AppStore|ARM.Deploy.0 = Release|ARM
		{C6F5190E-9B83-44F2-AA8B-2AE3685EF8B3}.AppStore|iPhone.ActiveCfg = Release|x86
		{C6F5190E-9B83-44F2-AA8B-2AE3685EF8B3}.AppStore|iPhone.Build.0 = Release|x86
		{C6F5190E-9B83-44F2-AA8B-2AE3685EF8B3}.AppStore|iPhone.Deploy.0 = Release|x86
		{C6F5190E-9B83-44F2-AA8B-2AE3685EF8B3}.AppStore|iPhoneSimulator.ActiveCfg = Release|x86
		{C6F5190E-9B83-44F2-AA8B-2AE3685EF8B3}.AppStore|iPhoneSimulator.Build.0 = Release|x86
		{C6F5190E-9B83-44F2-AA8B-2AE3685EF8B3}.AppStore|iPhoneSimulator.Deploy.0 = Release|x86
		{C6F5190E-9B83-44F2-AA8B-2AE3685EF8B3}.AppStore|x64.ActiveCfg = Release|x64
		{C6F5190E-9B83-44F2-AA8B-2AE3685EF8B3}.AppStore|x64.Build.0 = Release|x64
		{C6F5190E-9B83-44F2-AA8B-2AE3685EF8B3}.AppStore|x64.Deploy.0 = Release|x64
		{C6F5190E-9B83-44F2-AA8B-2AE3685EF8B3}.AppStore|x86.ActiveCfg = Release|x86
		{C6F5190E-9B83-44F2-AA8B-2AE3685EF8B3}.AppStore|x86.Build.0 = Release|x86
		{C6F5190E-9B83-44F2-AA8B-2AE3685EF8B3}.AppStore|x86.Deploy.0 = Release|x86
		{C6F5190E-9B83-44F2-AA8B-2AE3685EF8B3}.Debug|Any CPU.ActiveCfg = Debug|x86
		{C6F5190E-9B83-44F2-AA8B-2AE3685EF8B3}.Debug|ARM.ActiveCfg = Debug|ARM
		{C6F5190E-9B83-44F2-AA8B-2AE3685EF8B3}.Debug|ARM.Build.0 = Debug|ARM
		{C6F5190E-9B83-44F2-AA8B-2AE3685EF8B3}.Debug|ARM.Deploy.0 = Debug|ARM
		{C6F5190E-9B83-44F2-AA8B-2AE3685EF8B3}.Debug|iPhone.ActiveCfg = Debug|x86
		{C6F5190E-9B83-44F2-AA8B-2AE3685EF8B3}.Debug|iPhoneSimulator.ActiveCfg = Debug|x86
		{C6F5190E-9B83-44F2-AA8B-2AE3685EF8B3}.Debug|x64.ActiveCfg = Debug|x64
		{C6F5190E-9B83-44F2-AA8B-2AE3685EF8B3}.Debug|x64.Build.0 = Debug|x64
		{C6F5190E-9B83-44F2-AA8B-2AE3685EF8B3}.Debug|x64.Deploy.0 = Debug|x64
		{C6F5190E-9B83-44F2-AA8B-2AE3685EF8B3}.Debug|x86.ActiveCfg = Debug|x86
		{C6F5190E-9B83-44F2-AA8B-2AE3685EF8B3}.Debug|x86.Build.0 = Debug|x86
		{C6F5190E-9B83-44F2-AA8B-2AE3685EF8B3}.Debug|x86.Deploy.0 = Debug|x86
		{C6F5190E-9B83-44F2-AA8B-2AE3685EF8B3}.FieldTest|Any CPU.ActiveCfg = Debug|x64
		{C6F5190E-9B83-44F2-AA8B-2AE3685EF8B3}.FieldTest|Any CPU.Build.0 = Debug|x64
		{C6F5190E-9B83-44F2-AA8B-2AE3685EF8B3}.FieldTest|Any CPU.Deploy.0 = Debug|x64
		{C6F5190E-9B83-44F2-AA8B-2AE3685EF8B3}.FieldTest|ARM.ActiveCfg = Debug|ARM
		{C6F5190E-9B83-44F2-AA8B-2AE3685EF8B3}.FieldTest|ARM.Build.0 = Debug|ARM
		{C6F5190E-9B83-44F2-AA8B-2AE3685EF8B3}.FieldTest|ARM.Deploy.0 = Debug|ARM
		{C6F5190E-9B83-44F2-AA8B-2AE3685EF8B3}.FieldTest|iPhone.ActiveCfg = Debug|x64
		{C6F5190E-9B83-44F2-AA8B-2AE3685EF8B3}.FieldTest|iPhone.Build.0 = Debug|x64
		{C6F5190E-9B83-44F2-AA8B-2AE3685EF8B3}.FieldTest|iPhone.Deploy.0 = Debug|x64
		{C6F5190E-9B83-44F2-AA8B-2AE3685EF8B3}.FieldTest|iPhoneSimulator.ActiveCfg = Debug|x64
		{C6F5190E-9B83-44F2-AA8B-2AE3685EF8B3}.FieldTest|iPhoneSimulator.Build.0 = Debug|x64
		{C6F5190E-9B83-44F2-AA8B-2AE3685EF8B3}.FieldTest|iPhoneSimulator.Deploy.0 = Debug|x64
		{C6F5190E-9B83-44F2-AA8B-2AE3685EF8B3}.FieldTest|x64.ActiveCfg = Debug|x64
		{C6F5190E-9B83-44F2-AA8B-2AE3685EF8B3}.FieldTest|x64.Build.0 = Debug|x64
		{C6F5190E-9B83-44F2-AA8B-2AE3685EF8B3}.FieldTest|x64.Deploy.0 = Debug|x64
		{C6F5190E-9B83-44F2-AA8B-2AE3685EF8B3}.FieldTest|x86.ActiveCfg = Debug|x86
		{C6F5190E-9B83-44F2-AA8B-2AE3685EF8B3}.FieldTest|x86.Build.0 = Debug|x86
		{C6F5190E-9B83-44F2-AA8B-2AE3685EF8B3}.FieldTest|x86.Deploy.0 = Debug|x86
		{C6F5190E-9B83-44F2-AA8B-2AE3685EF8B3}.Release|Any CPU.ActiveCfg = Release|x86
		{C6F5190E-9B83-44F2-AA8B-2AE3685EF8B3}.Release|ARM.ActiveCfg = Release|ARM
		{C6F5190E-9B83-44F2-AA8B-2AE3685EF8B3}.Release|ARM.Build.0 = Release|ARM
		{C6F5190E-9B83-44F2-AA8B-2AE3685EF8B3}.Release|ARM.Deploy.0 = Release|ARM
		{C6F5190E-9B83-44F2-AA8B-2AE3685EF8B3}.Release|iPhone.ActiveCfg = Release|x86
		{C6F5190E-9B83-44F2-AA8B-2AE3685EF8B3}.Release|iPhoneSimulator.ActiveCfg = Release|x86
		{C6F5190E-9B83-44F2-AA8B-2AE3685EF8B3}.Release|x64.ActiveCfg = Release|x64
		{C6F5190E-9B83-44F2-AA8B-2AE3685EF8B3}.Release|x64.Build.0 = Release|x64
		{C6F5190E-9B83-44F2-AA8B-2AE3685EF8B3}.Release|x64.Deploy.0 = Release|x64
		{C6F5190E-9B83-44F2-AA8B-2AE3685EF8B3}.Release|x86.ActiveCfg = Release|x86
		{C6F5190E-9B83-44F2-AA8B-2AE3685EF8B3}.Release|x86.Build.0 = Release|x86
		{C6F5190E-9B83-44F2-AA8B-2AE3685EF8B3}.Release|x86.Deploy.0 = Release|x86
		{ED2211D3-1F78-40A2-B412-850DDFEECE73}.Ad-Hoc|Any CPU.ActiveCfg = Release|Any CPU
		{ED2211D3-1F78-40A2-B412-850DDFEECE73}.Ad-Hoc|Any CPU.Build.0 = Release|Any CPU
		{ED2211D3-1F78-40A2-B412-850DDFEECE73}.Ad-Hoc|ARM.ActiveCfg = Release|Any CPU
		{ED2211D3-1F78-40A2-B412-850DDFEECE73}.Ad-Hoc|ARM.Build.0 = Release|Any CPU
		{ED2211D3-1F78-40A2-B412-850DDFEECE73}.Ad-Hoc|iPhone.ActiveCfg = Release|Any CPU
		{ED2211D3-1F78-40A2-B412-850DDFEECE73}.Ad-Hoc|iPhone.Build.0 = Release|Any CPU
		{ED2211D3-1F78-40A2-B412-850DDFEECE73}.Ad-Hoc|iPhoneSimulator.ActiveCfg = Release|Any CPU
		{ED2211D3-1F78-40A2-B412-850DDFEECE73}.Ad-Hoc|iPhoneSimulator.Build.0 = Release|Any CPU
		{ED2211D3-1F78-40A2-B412-850DDFEECE73}.Ad-Hoc|x64.ActiveCfg = Release|Any CPU
		{ED2211D3-1F78-40A2-B412-850DDFEECE73}.Ad-Hoc|x64.Build.0 = Release|Any CPU
		{ED2211D3-1F78-40A2-B412-850DDFEECE73}.Ad-Hoc|x86.ActiveCfg = Release|Any CPU
		{ED2211D3-1F78-40A2-B412-850DDFEECE73}.Ad-Hoc|x86.Build.0 = Release|Any CPU
		{ED2211D3-1F78-40A2-B412-850DDFEECE73}.AppStore|Any CPU.ActiveCfg = Release|Any CPU
		{ED2211D3-1F78-40A2-B412-850DDFEECE73}.AppStore|Any CPU.Build.0 = Release|Any CPU
		{ED2211D3-1F78-40A2-B412-850DDFEECE73}.AppStore|ARM.ActiveCfg = Release|Any CPU
		{ED2211D3-1F78-40A2-B412-850DDFEECE73}.AppStore|ARM.Build.0 = Release|Any CPU
		{ED2211D3-1F78-40A2-B412-850DDFEECE73}.AppStore|iPhone.ActiveCfg = Release|Any CPU
		{ED2211D3-1F78-40A2-B412-850DDFEECE73}.AppStore|iPhone.Build.0 = Release|Any CPU
		{ED2211D3-1F78-40A2-B412-850DDFEECE73}.AppStore|iPhoneSimulator.ActiveCfg = Release|Any CPU
		{ED2211D3-1F78-40A2-B412-850DDFEECE73}.AppStore|iPhoneSimulator.Build.0 = Release|Any CPU
		{ED2211D3-1F78-40A2-B412-850DDFEECE73}.AppStore|x64.ActiveCfg = Release|Any CPU
		{ED2211D3-1F78-40A2-B412-850DDFEECE73}.AppStore|x64.Build.0 = Release|Any CPU
		{ED2211D3-1F78-40A2-B412-850DDFEECE73}.AppStore|x86.ActiveCfg = Release|Any CPU
		{ED2211D3-1F78-40A2-B412-850DDFEECE73}.AppStore|x86.Build.0 = Release|Any CPU
		{ED2211D3-1F78-40A2-B412-850DDFEECE73}.Debug|Any CPU.ActiveCfg = Debug|Any CPU
		{ED2211D3-1F78-40A2-B412-850DDFEECE73}.Debug|Any CPU.Build.0 = Debug|Any CPU
		{ED2211D3-1F78-40A2-B412-850DDFEECE73}.Debug|ARM.ActiveCfg = Debug|Any CPU
		{ED2211D3-1F78-40A2-B412-850DDFEECE73}.Debug|ARM.Build.0 = Debug|Any CPU
		{ED2211D3-1F78-40A2-B412-850DDFEECE73}.Debug|iPhone.ActiveCfg = Debug|Any CPU
		{ED2211D3-1F78-40A2-B412-850DDFEECE73}.Debug|iPhone.Build.0 = Debug|Any CPU
		{ED2211D3-1F78-40A2-B412-850DDFEECE73}.Debug|iPhoneSimulator.ActiveCfg = Debug|Any CPU
		{ED2211D3-1F78-40A2-B412-850DDFEECE73}.Debug|iPhoneSimulator.Build.0 = Debug|Any CPU
		{ED2211D3-1F78-40A2-B412-850DDFEECE73}.Debug|x64.ActiveCfg = Debug|Any CPU
		{ED2211D3-1F78-40A2-B412-850DDFEECE73}.Debug|x64.Build.0 = Debug|Any CPU
		{ED2211D3-1F78-40A2-B412-850DDFEECE73}.Debug|x86.ActiveCfg = Debug|Any CPU
		{ED2211D3-1F78-40A2-B412-850DDFEECE73}.Debug|x86.Build.0 = Debug|Any CPU
		{ED2211D3-1F78-40A2-B412-850DDFEECE73}.FieldTest|Any CPU.ActiveCfg = Debug|Any CPU
		{ED2211D3-1F78-40A2-B412-850DDFEECE73}.FieldTest|Any CPU.Build.0 = Debug|Any CPU
		{ED2211D3-1F78-40A2-B412-850DDFEECE73}.FieldTest|ARM.ActiveCfg = Debug|Any CPU
		{ED2211D3-1F78-40A2-B412-850DDFEECE73}.FieldTest|ARM.Build.0 = Debug|Any CPU
		{ED2211D3-1F78-40A2-B412-850DDFEECE73}.FieldTest|iPhone.ActiveCfg = Debug|Any CPU
		{ED2211D3-1F78-40A2-B412-850DDFEECE73}.FieldTest|iPhone.Build.0 = Debug|Any CPU
		{ED2211D3-1F78-40A2-B412-850DDFEECE73}.FieldTest|iPhoneSimulator.ActiveCfg = Debug|Any CPU
		{ED2211D3-1F78-40A2-B412-850DDFEECE73}.FieldTest|iPhoneSimulator.Build.0 = Debug|Any CPU
		{ED2211D3-1F78-40A2-B412-850DDFEECE73}.FieldTest|x64.ActiveCfg = Debug|Any CPU
		{ED2211D3-1F78-40A2-B412-850DDFEECE73}.FieldTest|x64.Build.0 = Debug|Any CPU
		{ED2211D3-1F78-40A2-B412-850DDFEECE73}.FieldTest|x86.ActiveCfg = Debug|Any CPU
		{ED2211D3-1F78-40A2-B412-850DDFEECE73}.FieldTest|x86.Build.0 = Debug|Any CPU
		{ED2211D3-1F78-40A2-B412-850DDFEECE73}.Release|Any CPU.ActiveCfg = Release|Any CPU
		{ED2211D3-1F78-40A2-B412-850DDFEECE73}.Release|Any CPU.Build.0 = Release|Any CPU
		{ED2211D3-1F78-40A2-B412-850DDFEECE73}.Release|ARM.ActiveCfg = Release|Any CPU
		{ED2211D3-1F78-40A2-B412-850DDFEECE73}.Release|ARM.Build.0 = Release|Any CPU
		{ED2211D3-1F78-40A2-B412-850DDFEECE73}.Release|iPhone.ActiveCfg = Release|Any CPU
		{ED2211D3-1F78-40A2-B412-850DDFEECE73}.Release|iPhone.Build.0 = Release|Any CPU
		{ED2211D3-1F78-40A2-B412-850DDFEECE73}.Release|iPhoneSimulator.ActiveCfg = Release|Any CPU
		{ED2211D3-1F78-40A2-B412-850DDFEECE73}.Release|iPhoneSimulator.Build.0 = Release|Any CPU
		{ED2211D3-1F78-40A2-B412-850DDFEECE73}.Release|x64.ActiveCfg = Release|Any CPU
		{ED2211D3-1F78-40A2-B412-850DDFEECE73}.Release|x64.Build.0 = Release|Any CPU
		{ED2211D3-1F78-40A2-B412-850DDFEECE73}.Release|x86.ActiveCfg = Release|Any CPU
		{ED2211D3-1F78-40A2-B412-850DDFEECE73}.Release|x86.Build.0 = Release|Any CPU
		{46484F11-6620-4B73-A220-0F9025882B73}.Ad-Hoc|Any CPU.ActiveCfg = Release|Any CPU
		{46484F11-6620-4B73-A220-0F9025882B73}.Ad-Hoc|Any CPU.Build.0 = Release|Any CPU
		{46484F11-6620-4B73-A220-0F9025882B73}.Ad-Hoc|ARM.ActiveCfg = Release|Any CPU
		{46484F11-6620-4B73-A220-0F9025882B73}.Ad-Hoc|ARM.Build.0 = Release|Any CPU
		{46484F11-6620-4B73-A220-0F9025882B73}.Ad-Hoc|iPhone.ActiveCfg = Release|Any CPU
		{46484F11-6620-4B73-A220-0F9025882B73}.Ad-Hoc|iPhone.Build.0 = Release|Any CPU
		{46484F11-6620-4B73-A220-0F9025882B73}.Ad-Hoc|iPhoneSimulator.ActiveCfg = Release|Any CPU
		{46484F11-6620-4B73-A220-0F9025882B73}.Ad-Hoc|iPhoneSimulator.Build.0 = Release|Any CPU
		{46484F11-6620-4B73-A220-0F9025882B73}.Ad-Hoc|x64.ActiveCfg = Release|Any CPU
		{46484F11-6620-4B73-A220-0F9025882B73}.Ad-Hoc|x64.Build.0 = Release|Any CPU
		{46484F11-6620-4B73-A220-0F9025882B73}.Ad-Hoc|x86.ActiveCfg = Release|Any CPU
		{46484F11-6620-4B73-A220-0F9025882B73}.Ad-Hoc|x86.Build.0 = Release|Any CPU
		{46484F11-6620-4B73-A220-0F9025882B73}.AppStore|Any CPU.ActiveCfg = Release|Any CPU
		{46484F11-6620-4B73-A220-0F9025882B73}.AppStore|Any CPU.Build.0 = Release|Any CPU
		{46484F11-6620-4B73-A220-0F9025882B73}.AppStore|ARM.ActiveCfg = Release|Any CPU
		{46484F11-6620-4B73-A220-0F9025882B73}.AppStore|ARM.Build.0 = Release|Any CPU
		{46484F11-6620-4B73-A220-0F9025882B73}.AppStore|iPhone.ActiveCfg = Release|Any CPU
		{46484F11-6620-4B73-A220-0F9025882B73}.AppStore|iPhone.Build.0 = Release|Any CPU
		{46484F11-6620-4B73-A220-0F9025882B73}.AppStore|iPhoneSimulator.ActiveCfg = Release|Any CPU
		{46484F11-6620-4B73-A220-0F9025882B73}.AppStore|iPhoneSimulator.Build.0 = Release|Any CPU
		{46484F11-6620-4B73-A220-0F9025882B73}.AppStore|x64.ActiveCfg = Release|Any CPU
		{46484F11-6620-4B73-A220-0F9025882B73}.AppStore|x64.Build.0 = Release|Any CPU
		{46484F11-6620-4B73-A220-0F9025882B73}.AppStore|x86.ActiveCfg = Release|Any CPU
		{46484F11-6620-4B73-A220-0F9025882B73}.AppStore|x86.Build.0 = Release|Any CPU
		{46484F11-6620-4B73-A220-0F9025882B73}.Debug|Any CPU.ActiveCfg = Debug|Any CPU
		{46484F11-6620-4B73-A220-0F9025882B73}.Debug|Any CPU.Build.0 = Debug|Any CPU
		{46484F11-6620-4B73-A220-0F9025882B73}.Debug|ARM.ActiveCfg = Debug|Any CPU
		{46484F11-6620-4B73-A220-0F9025882B73}.Debug|ARM.Build.0 = Debug|Any CPU
		{46484F11-6620-4B73-A220-0F9025882B73}.Debug|iPhone.ActiveCfg = Debug|Any CPU
		{46484F11-6620-4B73-A220-0F9025882B73}.Debug|iPhone.Build.0 = Debug|Any CPU
		{46484F11-6620-4B73-A220-0F9025882B73}.Debug|iPhoneSimulator.ActiveCfg = Debug|Any CPU
		{46484F11-6620-4B73-A220-0F9025882B73}.Debug|iPhoneSimulator.Build.0 = Debug|Any CPU
		{46484F11-6620-4B73-A220-0F9025882B73}.Debug|x64.ActiveCfg = Debug|Any CPU
		{46484F11-6620-4B73-A220-0F9025882B73}.Debug|x64.Build.0 = Debug|Any CPU
		{46484F11-6620-4B73-A220-0F9025882B73}.Debug|x86.ActiveCfg = Debug|Any CPU
		{46484F11-6620-4B73-A220-0F9025882B73}.Debug|x86.Build.0 = Debug|Any CPU
		{46484F11-6620-4B73-A220-0F9025882B73}.FieldTest|Any CPU.ActiveCfg = Debug|Any CPU
		{46484F11-6620-4B73-A220-0F9025882B73}.FieldTest|Any CPU.Build.0 = Debug|Any CPU
		{46484F11-6620-4B73-A220-0F9025882B73}.FieldTest|ARM.ActiveCfg = Debug|Any CPU
		{46484F11-6620-4B73-A220-0F9025882B73}.FieldTest|ARM.Build.0 = Debug|Any CPU
		{46484F11-6620-4B73-A220-0F9025882B73}.FieldTest|iPhone.ActiveCfg = Debug|Any CPU
		{46484F11-6620-4B73-A220-0F9025882B73}.FieldTest|iPhone.Build.0 = Debug|Any CPU
		{46484F11-6620-4B73-A220-0F9025882B73}.FieldTest|iPhoneSimulator.ActiveCfg = Debug|Any CPU
		{46484F11-6620-4B73-A220-0F9025882B73}.FieldTest|iPhoneSimulator.Build.0 = Debug|Any CPU
		{46484F11-6620-4B73-A220-0F9025882B73}.FieldTest|x64.ActiveCfg = Debug|Any CPU
		{46484F11-6620-4B73-A220-0F9025882B73}.FieldTest|x64.Build.0 = Debug|Any CPU
		{46484F11-6620-4B73-A220-0F9025882B73}.FieldTest|x86.ActiveCfg = Debug|Any CPU
		{46484F11-6620-4B73-A220-0F9025882B73}.FieldTest|x86.Build.0 = Debug|Any CPU
		{46484F11-6620-4B73-A220-0F9025882B73}.Release|Any CPU.ActiveCfg = Release|Any CPU
		{46484F11-6620-4B73-A220-0F9025882B73}.Release|Any CPU.Build.0 = Release|Any CPU
		{46484F11-6620-4B73-A220-0F9025882B73}.Release|ARM.ActiveCfg = Release|Any CPU
		{46484F11-6620-4B73-A220-0F9025882B73}.Release|ARM.Build.0 = Release|Any CPU
		{46484F11-6620-4B73-A220-0F9025882B73}.Release|iPhone.ActiveCfg = Release|Any CPU
		{46484F11-6620-4B73-A220-0F9025882B73}.Release|iPhone.Build.0 = Release|Any CPU
		{46484F11-6620-4B73-A220-0F9025882B73}.Release|iPhoneSimulator.ActiveCfg = Release|Any CPU
		{46484F11-6620-4B73-A220-0F9025882B73}.Release|iPhoneSimulator.Build.0 = Release|Any CPU
		{46484F11-6620-4B73-A220-0F9025882B73}.Release|x64.ActiveCfg = Release|Any CPU
		{46484F11-6620-4B73-A220-0F9025882B73}.Release|x64.Build.0 = Release|Any CPU
		{46484F11-6620-4B73-A220-0F9025882B73}.Release|x86.ActiveCfg = Release|Any CPU
		{46484F11-6620-4B73-A220-0F9025882B73}.Release|x86.Build.0 = Release|Any CPU
		{C231ABEC-8962-427B-90A5-A1A6608EDA9A}.Ad-Hoc|Any CPU.ActiveCfg = Release|Any CPU
		{C231ABEC-8962-427B-90A5-A1A6608EDA9A}.Ad-Hoc|Any CPU.Build.0 = Release|Any CPU
		{C231ABEC-8962-427B-90A5-A1A6608EDA9A}.Ad-Hoc|ARM.ActiveCfg = Release|Any CPU
		{C231ABEC-8962-427B-90A5-A1A6608EDA9A}.Ad-Hoc|ARM.Build.0 = Release|Any CPU
		{C231ABEC-8962-427B-90A5-A1A6608EDA9A}.Ad-Hoc|iPhone.ActiveCfg = Release|Any CPU
		{C231ABEC-8962-427B-90A5-A1A6608EDA9A}.Ad-Hoc|iPhone.Build.0 = Release|Any CPU
		{C231ABEC-8962-427B-90A5-A1A6608EDA9A}.Ad-Hoc|iPhoneSimulator.ActiveCfg = Release|Any CPU
		{C231ABEC-8962-427B-90A5-A1A6608EDA9A}.Ad-Hoc|iPhoneSimulator.Build.0 = Release|Any CPU
		{C231ABEC-8962-427B-90A5-A1A6608EDA9A}.Ad-Hoc|x64.ActiveCfg = Release|Any CPU
		{C231ABEC-8962-427B-90A5-A1A6608EDA9A}.Ad-Hoc|x64.Build.0 = Release|Any CPU
		{C231ABEC-8962-427B-90A5-A1A6608EDA9A}.Ad-Hoc|x86.ActiveCfg = Release|Any CPU
		{C231ABEC-8962-427B-90A5-A1A6608EDA9A}.Ad-Hoc|x86.Build.0 = Release|Any CPU
		{C231ABEC-8962-427B-90A5-A1A6608EDA9A}.AppStore|Any CPU.ActiveCfg = Release|Any CPU
		{C231ABEC-8962-427B-90A5-A1A6608EDA9A}.AppStore|Any CPU.Build.0 = Release|Any CPU
		{C231ABEC-8962-427B-90A5-A1A6608EDA9A}.AppStore|ARM.ActiveCfg = Release|Any CPU
		{C231ABEC-8962-427B-90A5-A1A6608EDA9A}.AppStore|ARM.Build.0 = Release|Any CPU
		{C231ABEC-8962-427B-90A5-A1A6608EDA9A}.AppStore|iPhone.ActiveCfg = Release|Any CPU
		{C231ABEC-8962-427B-90A5-A1A6608EDA9A}.AppStore|iPhone.Build.0 = Release|Any CPU
		{C231ABEC-8962-427B-90A5-A1A6608EDA9A}.AppStore|iPhoneSimulator.ActiveCfg = Release|Any CPU
		{C231ABEC-8962-427B-90A5-A1A6608EDA9A}.AppStore|iPhoneSimulator.Build.0 = Release|Any CPU
		{C231ABEC-8962-427B-90A5-A1A6608EDA9A}.AppStore|x64.ActiveCfg = Release|Any CPU
		{C231ABEC-8962-427B-90A5-A1A6608EDA9A}.AppStore|x64.Build.0 = Release|Any CPU
		{C231ABEC-8962-427B-90A5-A1A6608EDA9A}.AppStore|x86.ActiveCfg = Release|Any CPU
		{C231ABEC-8962-427B-90A5-A1A6608EDA9A}.AppStore|x86.Build.0 = Release|Any CPU
		{C231ABEC-8962-427B-90A5-A1A6608EDA9A}.Debug|Any CPU.ActiveCfg = Debug|Any CPU
		{C231ABEC-8962-427B-90A5-A1A6608EDA9A}.Debug|Any CPU.Build.0 = Debug|Any CPU
		{C231ABEC-8962-427B-90A5-A1A6608EDA9A}.Debug|ARM.ActiveCfg = Debug|Any CPU
		{C231ABEC-8962-427B-90A5-A1A6608EDA9A}.Debug|ARM.Build.0 = Debug|Any CPU
		{C231ABEC-8962-427B-90A5-A1A6608EDA9A}.Debug|iPhone.ActiveCfg = Debug|Any CPU
		{C231ABEC-8962-427B-90A5-A1A6608EDA9A}.Debug|iPhone.Build.0 = Debug|Any CPU
		{C231ABEC-8962-427B-90A5-A1A6608EDA9A}.Debug|iPhoneSimulator.ActiveCfg = Debug|Any CPU
		{C231ABEC-8962-427B-90A5-A1A6608EDA9A}.Debug|iPhoneSimulator.Build.0 = Debug|Any CPU
		{C231ABEC-8962-427B-90A5-A1A6608EDA9A}.Debug|x64.ActiveCfg = Debug|Any CPU
		{C231ABEC-8962-427B-90A5-A1A6608EDA9A}.Debug|x64.Build.0 = Debug|Any CPU
		{C231ABEC-8962-427B-90A5-A1A6608EDA9A}.Debug|x86.ActiveCfg = Debug|Any CPU
		{C231ABEC-8962-427B-90A5-A1A6608EDA9A}.Debug|x86.Build.0 = Debug|Any CPU
		{C231ABEC-8962-427B-90A5-A1A6608EDA9A}.FieldTest|Any CPU.ActiveCfg = Debug|Any CPU
		{C231ABEC-8962-427B-90A5-A1A6608EDA9A}.FieldTest|Any CPU.Build.0 = Debug|Any CPU
		{C231ABEC-8962-427B-90A5-A1A6608EDA9A}.FieldTest|ARM.ActiveCfg = Debug|Any CPU
		{C231ABEC-8962-427B-90A5-A1A6608EDA9A}.FieldTest|ARM.Build.0 = Debug|Any CPU
		{C231ABEC-8962-427B-90A5-A1A6608EDA9A}.FieldTest|iPhone.ActiveCfg = Debug|Any CPU
		{C231ABEC-8962-427B-90A5-A1A6608EDA9A}.FieldTest|iPhone.Build.0 = Debug|Any CPU
		{C231ABEC-8962-427B-90A5-A1A6608EDA9A}.FieldTest|iPhoneSimulator.ActiveCfg = Debug|Any CPU
		{C231ABEC-8962-427B-90A5-A1A6608EDA9A}.FieldTest|iPhoneSimulator.Build.0 = Debug|Any CPU
		{C231ABEC-8962-427B-90A5-A1A6608EDA9A}.FieldTest|x64.ActiveCfg = Debug|Any CPU
		{C231ABEC-8962-427B-90A5-A1A6608EDA9A}.FieldTest|x64.Build.0 = Debug|Any CPU
		{C231ABEC-8962-427B-90A5-A1A6608EDA9A}.FieldTest|x86.ActiveCfg = Debug|Any CPU
		{C231ABEC-8962-427B-90A5-A1A6608EDA9A}.FieldTest|x86.Build.0 = Debug|Any CPU
		{C231ABEC-8962-427B-90A5-A1A6608EDA9A}.Release|Any CPU.ActiveCfg = Release|Any CPU
		{C231ABEC-8962-427B-90A5-A1A6608EDA9A}.Release|Any CPU.Build.0 = Release|Any CPU
		{C231ABEC-8962-427B-90A5-A1A6608EDA9A}.Release|ARM.ActiveCfg = Release|Any CPU
		{C231ABEC-8962-427B-90A5-A1A6608EDA9A}.Release|ARM.Build.0 = Release|Any CPU
		{C231ABEC-8962-427B-90A5-A1A6608EDA9A}.Release|iPhone.ActiveCfg = Release|Any CPU
		{C231ABEC-8962-427B-90A5-A1A6608EDA9A}.Release|iPhone.Build.0 = Release|Any CPU
		{C231ABEC-8962-427B-90A5-A1A6608EDA9A}.Release|iPhoneSimulator.ActiveCfg = Release|Any CPU
		{C231ABEC-8962-427B-90A5-A1A6608EDA9A}.Release|iPhoneSimulator.Build.0 = Release|Any CPU
		{C231ABEC-8962-427B-90A5-A1A6608EDA9A}.Release|x64.ActiveCfg = Release|Any CPU
		{C231ABEC-8962-427B-90A5-A1A6608EDA9A}.Release|x64.Build.0 = Release|Any CPU
		{C231ABEC-8962-427B-90A5-A1A6608EDA9A}.Release|x86.ActiveCfg = Release|Any CPU
		{C231ABEC-8962-427B-90A5-A1A6608EDA9A}.Release|x86.Build.0 = Release|Any CPU
		{6447697D-3237-473A-ACC1-A3405D3D0752}.Ad-Hoc|Any CPU.ActiveCfg = Debug|Any CPU
		{6447697D-3237-473A-ACC1-A3405D3D0752}.Ad-Hoc|Any CPU.Build.0 = Debug|Any CPU
		{6447697D-3237-473A-ACC1-A3405D3D0752}.Ad-Hoc|ARM.ActiveCfg = Debug|Any CPU
		{6447697D-3237-473A-ACC1-A3405D3D0752}.Ad-Hoc|ARM.Build.0 = Debug|Any CPU
		{6447697D-3237-473A-ACC1-A3405D3D0752}.Ad-Hoc|iPhone.ActiveCfg = Debug|Any CPU
		{6447697D-3237-473A-ACC1-A3405D3D0752}.Ad-Hoc|iPhone.Build.0 = Debug|Any CPU
		{6447697D-3237-473A-ACC1-A3405D3D0752}.Ad-Hoc|iPhoneSimulator.ActiveCfg = Debug|Any CPU
		{6447697D-3237-473A-ACC1-A3405D3D0752}.Ad-Hoc|iPhoneSimulator.Build.0 = Debug|Any CPU
		{6447697D-3237-473A-ACC1-A3405D3D0752}.Ad-Hoc|x64.ActiveCfg = Debug|Any CPU
		{6447697D-3237-473A-ACC1-A3405D3D0752}.Ad-Hoc|x64.Build.0 = Debug|Any CPU
		{6447697D-3237-473A-ACC1-A3405D3D0752}.Ad-Hoc|x86.ActiveCfg = Debug|Any CPU
		{6447697D-3237-473A-ACC1-A3405D3D0752}.Ad-Hoc|x86.Build.0 = Debug|Any CPU
		{6447697D-3237-473A-ACC1-A3405D3D0752}.AppStore|Any CPU.ActiveCfg = Debug|Any CPU
		{6447697D-3237-473A-ACC1-A3405D3D0752}.AppStore|Any CPU.Build.0 = Debug|Any CPU
		{6447697D-3237-473A-ACC1-A3405D3D0752}.AppStore|ARM.ActiveCfg = Debug|Any CPU
		{6447697D-3237-473A-ACC1-A3405D3D0752}.AppStore|ARM.Build.0 = Debug|Any CPU
		{6447697D-3237-473A-ACC1-A3405D3D0752}.AppStore|iPhone.ActiveCfg = Debug|Any CPU
		{6447697D-3237-473A-ACC1-A3405D3D0752}.AppStore|iPhone.Build.0 = Debug|Any CPU
		{6447697D-3237-473A-ACC1-A3405D3D0752}.AppStore|iPhoneSimulator.ActiveCfg = Debug|Any CPU
		{6447697D-3237-473A-ACC1-A3405D3D0752}.AppStore|iPhoneSimulator.Build.0 = Debug|Any CPU
		{6447697D-3237-473A-ACC1-A3405D3D0752}.AppStore|x64.ActiveCfg = Debug|Any CPU
		{6447697D-3237-473A-ACC1-A3405D3D0752}.AppStore|x64.Build.0 = Debug|Any CPU
		{6447697D-3237-473A-ACC1-A3405D3D0752}.AppStore|x86.ActiveCfg = Debug|Any CPU
		{6447697D-3237-473A-ACC1-A3405D3D0752}.AppStore|x86.Build.0 = Debug|Any CPU
		{6447697D-3237-473A-ACC1-A3405D3D0752}.Debug|Any CPU.ActiveCfg = Debug|Any CPU
		{6447697D-3237-473A-ACC1-A3405D3D0752}.Debug|Any CPU.Build.0 = Debug|Any CPU
		{6447697D-3237-473A-ACC1-A3405D3D0752}.Debug|ARM.ActiveCfg = Debug|Any CPU
		{6447697D-3237-473A-ACC1-A3405D3D0752}.Debug|ARM.Build.0 = Debug|Any CPU
		{6447697D-3237-473A-ACC1-A3405D3D0752}.Debug|iPhone.ActiveCfg = Debug|Any CPU
		{6447697D-3237-473A-ACC1-A3405D3D0752}.Debug|iPhone.Build.0 = Debug|Any CPU
		{6447697D-3237-473A-ACC1-A3405D3D0752}.Debug|iPhoneSimulator.ActiveCfg = Debug|Any CPU
		{6447697D-3237-473A-ACC1-A3405D3D0752}.Debug|iPhoneSimulator.Build.0 = Debug|Any CPU
		{6447697D-3237-473A-ACC1-A3405D3D0752}.Debug|x64.ActiveCfg = Debug|Any CPU
		{6447697D-3237-473A-ACC1-A3405D3D0752}.Debug|x64.Build.0 = Debug|Any CPU
		{6447697D-3237-473A-ACC1-A3405D3D0752}.Debug|x86.ActiveCfg = Debug|Any CPU
		{6447697D-3237-473A-ACC1-A3405D3D0752}.Debug|x86.Build.0 = Debug|Any CPU
		{6447697D-3237-473A-ACC1-A3405D3D0752}.FieldTest|Any CPU.ActiveCfg = FieldTest|Any CPU
		{6447697D-3237-473A-ACC1-A3405D3D0752}.FieldTest|Any CPU.Build.0 = FieldTest|Any CPU
		{6447697D-3237-473A-ACC1-A3405D3D0752}.FieldTest|ARM.ActiveCfg = FieldTest|Any CPU
		{6447697D-3237-473A-ACC1-A3405D3D0752}.FieldTest|ARM.Build.0 = FieldTest|Any CPU
		{6447697D-3237-473A-ACC1-A3405D3D0752}.FieldTest|iPhone.ActiveCfg = FieldTest|Any CPU
		{6447697D-3237-473A-ACC1-A3405D3D0752}.FieldTest|iPhone.Build.0 = FieldTest|Any CPU
		{6447697D-3237-473A-ACC1-A3405D3D0752}.FieldTest|iPhoneSimulator.ActiveCfg = FieldTest|Any CPU
		{6447697D-3237-473A-ACC1-A3405D3D0752}.FieldTest|iPhoneSimulator.Build.0 = FieldTest|Any CPU
		{6447697D-3237-473A-ACC1-A3405D3D0752}.FieldTest|x64.ActiveCfg = FieldTest|Any CPU
		{6447697D-3237-473A-ACC1-A3405D3D0752}.FieldTest|x64.Build.0 = FieldTest|Any CPU
		{6447697D-3237-473A-ACC1-A3405D3D0752}.FieldTest|x86.ActiveCfg = FieldTest|Any CPU
		{6447697D-3237-473A-ACC1-A3405D3D0752}.FieldTest|x86.Build.0 = FieldTest|Any CPU
		{6447697D-3237-473A-ACC1-A3405D3D0752}.Release|Any CPU.ActiveCfg = Release|Any CPU
		{6447697D-3237-473A-ACC1-A3405D3D0752}.Release|Any CPU.Build.0 = Release|Any CPU
		{6447697D-3237-473A-ACC1-A3405D3D0752}.Release|ARM.ActiveCfg = Release|Any CPU
		{6447697D-3237-473A-ACC1-A3405D3D0752}.Release|ARM.Build.0 = Release|Any CPU
		{6447697D-3237-473A-ACC1-A3405D3D0752}.Release|iPhone.ActiveCfg = Release|Any CPU
		{6447697D-3237-473A-ACC1-A3405D3D0752}.Release|iPhone.Build.0 = Release|Any CPU
		{6447697D-3237-473A-ACC1-A3405D3D0752}.Release|iPhoneSimulator.ActiveCfg = Release|Any CPU
		{6447697D-3237-473A-ACC1-A3405D3D0752}.Release|iPhoneSimulator.Build.0 = Release|Any CPU
		{6447697D-3237-473A-ACC1-A3405D3D0752}.Release|x64.ActiveCfg = Release|Any CPU
		{6447697D-3237-473A-ACC1-A3405D3D0752}.Release|x64.Build.0 = Release|Any CPU
		{6447697D-3237-473A-ACC1-A3405D3D0752}.Release|x86.ActiveCfg = Release|Any CPU
		{6447697D-3237-473A-ACC1-A3405D3D0752}.Release|x86.Build.0 = Release|Any CPU
		{ACECFD01-8F21-4100-931C-55C81AE94991}.Ad-Hoc|Any CPU.ActiveCfg = Debug|Any CPU
		{ACECFD01-8F21-4100-931C-55C81AE94991}.Ad-Hoc|Any CPU.Build.0 = Debug|Any CPU
		{ACECFD01-8F21-4100-931C-55C81AE94991}.Ad-Hoc|ARM.ActiveCfg = Debug|Any CPU
		{ACECFD01-8F21-4100-931C-55C81AE94991}.Ad-Hoc|ARM.Build.0 = Debug|Any CPU
		{ACECFD01-8F21-4100-931C-55C81AE94991}.Ad-Hoc|iPhone.ActiveCfg = Debug|Any CPU
		{ACECFD01-8F21-4100-931C-55C81AE94991}.Ad-Hoc|iPhone.Build.0 = Debug|Any CPU
		{ACECFD01-8F21-4100-931C-55C81AE94991}.Ad-Hoc|iPhoneSimulator.ActiveCfg = Debug|Any CPU
		{ACECFD01-8F21-4100-931C-55C81AE94991}.Ad-Hoc|iPhoneSimulator.Build.0 = Debug|Any CPU
		{ACECFD01-8F21-4100-931C-55C81AE94991}.Ad-Hoc|x64.ActiveCfg = Debug|Any CPU
		{ACECFD01-8F21-4100-931C-55C81AE94991}.Ad-Hoc|x64.Build.0 = Debug|Any CPU
		{ACECFD01-8F21-4100-931C-55C81AE94991}.Ad-Hoc|x86.ActiveCfg = Debug|Any CPU
		{ACECFD01-8F21-4100-931C-55C81AE94991}.Ad-Hoc|x86.Build.0 = Debug|Any CPU
		{ACECFD01-8F21-4100-931C-55C81AE94991}.AppStore|Any CPU.ActiveCfg = Debug|Any CPU
		{ACECFD01-8F21-4100-931C-55C81AE94991}.AppStore|Any CPU.Build.0 = Debug|Any CPU
		{ACECFD01-8F21-4100-931C-55C81AE94991}.AppStore|ARM.ActiveCfg = Debug|Any CPU
		{ACECFD01-8F21-4100-931C-55C81AE94991}.AppStore|ARM.Build.0 = Debug|Any CPU
		{ACECFD01-8F21-4100-931C-55C81AE94991}.AppStore|iPhone.ActiveCfg = Debug|Any CPU
		{ACECFD01-8F21-4100-931C-55C81AE94991}.AppStore|iPhone.Build.0 = Debug|Any CPU
		{ACECFD01-8F21-4100-931C-55C81AE94991}.AppStore|iPhoneSimulator.ActiveCfg = Debug|Any CPU
		{ACECFD01-8F21-4100-931C-55C81AE94991}.AppStore|iPhoneSimulator.Build.0 = Debug|Any CPU
		{ACECFD01-8F21-4100-931C-55C81AE94991}.AppStore|x64.ActiveCfg = Debug|Any CPU
		{ACECFD01-8F21-4100-931C-55C81AE94991}.AppStore|x64.Build.0 = Debug|Any CPU
		{ACECFD01-8F21-4100-931C-55C81AE94991}.AppStore|x86.ActiveCfg = Debug|Any CPU
		{ACECFD01-8F21-4100-931C-55C81AE94991}.AppStore|x86.Build.0 = Debug|Any CPU
		{ACECFD01-8F21-4100-931C-55C81AE94991}.Debug|Any CPU.ActiveCfg = Debug|Any CPU
		{ACECFD01-8F21-4100-931C-55C81AE94991}.Debug|Any CPU.Build.0 = Debug|Any CPU
		{ACECFD01-8F21-4100-931C-55C81AE94991}.Debug|ARM.ActiveCfg = Debug|Any CPU
		{ACECFD01-8F21-4100-931C-55C81AE94991}.Debug|ARM.Build.0 = Debug|Any CPU
		{ACECFD01-8F21-4100-931C-55C81AE94991}.Debug|iPhone.ActiveCfg = Debug|Any CPU
		{ACECFD01-8F21-4100-931C-55C81AE94991}.Debug|iPhone.Build.0 = Debug|Any CPU
		{ACECFD01-8F21-4100-931C-55C81AE94991}.Debug|iPhoneSimulator.ActiveCfg = Debug|Any CPU
		{ACECFD01-8F21-4100-931C-55C81AE94991}.Debug|iPhoneSimulator.Build.0 = Debug|Any CPU
		{ACECFD01-8F21-4100-931C-55C81AE94991}.Debug|x64.ActiveCfg = Debug|Any CPU
		{ACECFD01-8F21-4100-931C-55C81AE94991}.Debug|x64.Build.0 = Debug|Any CPU
		{ACECFD01-8F21-4100-931C-55C81AE94991}.Debug|x86.ActiveCfg = Debug|Any CPU
		{ACECFD01-8F21-4100-931C-55C81AE94991}.Debug|x86.Build.0 = Debug|Any CPU
		{ACECFD01-8F21-4100-931C-55C81AE94991}.FieldTest|Any CPU.ActiveCfg = Debug|Any CPU
		{ACECFD01-8F21-4100-931C-55C81AE94991}.FieldTest|Any CPU.Build.0 = Debug|Any CPU
		{ACECFD01-8F21-4100-931C-55C81AE94991}.FieldTest|ARM.ActiveCfg = Debug|Any CPU
		{ACECFD01-8F21-4100-931C-55C81AE94991}.FieldTest|ARM.Build.0 = Debug|Any CPU
		{ACECFD01-8F21-4100-931C-55C81AE94991}.FieldTest|iPhone.ActiveCfg = Debug|Any CPU
		{ACECFD01-8F21-4100-931C-55C81AE94991}.FieldTest|iPhone.Build.0 = Debug|Any CPU
		{ACECFD01-8F21-4100-931C-55C81AE94991}.FieldTest|iPhoneSimulator.ActiveCfg = Debug|Any CPU
		{ACECFD01-8F21-4100-931C-55C81AE94991}.FieldTest|iPhoneSimulator.Build.0 = Debug|Any CPU
		{ACECFD01-8F21-4100-931C-55C81AE94991}.FieldTest|x64.ActiveCfg = Debug|Any CPU
		{ACECFD01-8F21-4100-931C-55C81AE94991}.FieldTest|x64.Build.0 = Debug|Any CPU
		{ACECFD01-8F21-4100-931C-55C81AE94991}.FieldTest|x86.ActiveCfg = Debug|Any CPU
		{ACECFD01-8F21-4100-931C-55C81AE94991}.FieldTest|x86.Build.0 = Debug|Any CPU
		{ACECFD01-8F21-4100-931C-55C81AE94991}.Release|Any CPU.ActiveCfg = Release|Any CPU
		{ACECFD01-8F21-4100-931C-55C81AE94991}.Release|Any CPU.Build.0 = Release|Any CPU
		{ACECFD01-8F21-4100-931C-55C81AE94991}.Release|ARM.ActiveCfg = Release|Any CPU
		{ACECFD01-8F21-4100-931C-55C81AE94991}.Release|ARM.Build.0 = Release|Any CPU
		{ACECFD01-8F21-4100-931C-55C81AE94991}.Release|iPhone.ActiveCfg = Release|Any CPU
		{ACECFD01-8F21-4100-931C-55C81AE94991}.Release|iPhone.Build.0 = Release|Any CPU
		{ACECFD01-8F21-4100-931C-55C81AE94991}.Release|iPhoneSimulator.ActiveCfg = Release|Any CPU
		{ACECFD01-8F21-4100-931C-55C81AE94991}.Release|iPhoneSimulator.Build.0 = Release|Any CPU
		{ACECFD01-8F21-4100-931C-55C81AE94991}.Release|x64.ActiveCfg = Release|Any CPU
		{ACECFD01-8F21-4100-931C-55C81AE94991}.Release|x64.Build.0 = Release|Any CPU
		{ACECFD01-8F21-4100-931C-55C81AE94991}.Release|x86.ActiveCfg = Release|Any CPU
		{ACECFD01-8F21-4100-931C-55C81AE94991}.Release|x86.Build.0 = Release|Any CPU
	EndGlobalSection
	GlobalSection(SolutionProperties) = preSolution
		HideSolutionNode = FALSE
	EndGlobalSection
	GlobalSection(NestedProjects) = preSolution
		{490DBBC7-A144-4351-9086-582DFCE5BA00} = {45BB8FC8-AD79-4111-9A7F-3E1A892A1A25}
		{04157AC5-92B8-461B-86DE-006AF2ACD6A5} = {45BB8FC8-AD79-4111-9A7F-3E1A892A1A25}
		{C6F5190E-9B83-44F2-AA8B-2AE3685EF8B3} = {45BB8FC8-AD79-4111-9A7F-3E1A892A1A25}
		{5FA59065-C093-4B74-8142-5E3D5E56A30D} = {45BB8FC8-AD79-4111-9A7F-3E1A892A1A25}
		{DBEF3FD2-EDEE-424F-8725-85879DD9DCEE} = {45BB8FC8-AD79-4111-9A7F-3E1A892A1A25}
		{B3EE3E08-9BEE-4B1C-99F4-DF8CAB3C2006} = {DBEF3FD2-EDEE-424F-8725-85879DD9DCEE}
		{6D761D9A-24CD-48EC-BF03-54C9F283896F} = {B3EE3E08-9BEE-4B1C-99F4-DF8CAB3C2006}
		{ED2211D3-1F78-40A2-B412-850DDFEECE73} = {B3EE3E08-9BEE-4B1C-99F4-DF8CAB3C2006}
		{46484F11-6620-4B73-A220-0F9025882B73} = {B3EE3E08-9BEE-4B1C-99F4-DF8CAB3C2006}
		{C231ABEC-8962-427B-90A5-A1A6608EDA9A} = {B3EE3E08-9BEE-4B1C-99F4-DF8CAB3C2006}
		{6447697D-3237-473A-ACC1-A3405D3D0752} = {0AA7F29F-9CDA-4471-88EE-94A4EEFE01F4}
		{ACECFD01-8F21-4100-931C-55C81AE94991} = {0AA7F29F-9CDA-4471-88EE-94A4EEFE01F4}
	EndGlobalSection
	GlobalSection(ExtensibilityGlobals) = postSolution
		SolutionGuid = {911CF0E5-6CE8-4111-A377-0FA1E3A7F61F}
	EndGlobalSection
EndGlobal
